
Microsoft Visual Studio Solution File, Format Version 12.00
# Visual Studio Version 17
VisualStudioVersion = 17.10.35027.167
MinimumVisualStudioVersion = 10.0.40219.1
Project("{9A19103F-16F7-4668-BE54-9A1E7A4F7556}") = "ProducerConsumerRabbitMQ", "ProducerConsumerRabbitMQ\ProducerConsumerRabbitMQ.csproj", "{5A36B9B0-A30B-4B7A-901E-F21605DFF5B4}"
EndProject
Project("{FAE04EC0-301F-11D3-BF4B-00C04F79EFBC}") = "Consumer", "Consumer\Consumer.csproj", "{B58C9417-4D07-465F-9482-DD57B1F32570}"
EndProject
Global
	GlobalSection(SolutionConfigurationPlatforms) = preSolution
		Debug|Any CPU = Debug|Any CPU
		Release|Any CPU = Release|Any CPU
	EndGlobalSection
	GlobalSection(ProjectConfigurationPlatforms) = postSolution
		{5A36B9B0-A30B-4B7A-901E-F21605DFF5B4}.Debug|Any CPU.ActiveCfg = Debug|Any CPU
		{5A36B9B0-A30B-4B7A-901E-F21605DFF5B4}.Debug|Any CPU.Build.0 = Debug|Any CPU
		{5A36B9B0-A30B-4B7A-901E-F21605DFF5B4}.Release|Any CPU.ActiveCfg = Release|Any CPU
		{5A36B9B0-A30B-4B7A-901E-F21605DFF5B4}.Release|Any CPU.Build.0 = Release|Any CPU
		{B58C9417-4D07-465F-9482-DD57B1F32570}.Debug|Any CPU.ActiveCfg = Debug|Any CPU
		{B58C9417-4D07-465F-9482-DD57B1F32570}.Debug|Any CPU.Build.0 = Debug|Any CPU
		{B58C9417-4D07-465F-9482-DD57B1F32570}.Release|Any CPU.ActiveCfg = Release|Any CPU
		{B58C9417-4D07-465F-9482-DD57B1F32570}.Release|Any CPU.Build.0 = Release|Any CPU
	EndGlobalSection
	GlobalSection(SolutionProperties) = preSolution
		HideSolutionNode = FALSE
	EndGlobalSection
	GlobalSection(ExtensibilityGlobals) = postSolution
		SolutionGuid = {9FBB4CCF-7B0E-4BBD-84E8-A94EF2ADA6C5}
	EndGlobalSection
EndGlobal
